{
  "version": 4,
  "terraform_version": "1.10.5",
  "serial": 668,
  "lineage": "20708b3f-9879-9963-7526-3e35121363f4",
  "outputs": {},
  "resources": [
    {
      "mode": "managed",
      "type": "docker_container",
      "name": "control_center",
      "provider": "provider[\"registry.terraform.io/kreuzwerker/docker\"]",
      "instances": [
        {
          "schema_version": 2,
          "attributes": {
            "attach": false,
            "bridge": "",
            "capabilities": [],
            "command": [
              "/etc/confluent/docker/run"
            ],
            "container_logs": null,
            "cpu_set": "",
            "cpu_shares": 0,
            "destroy_grace_seconds": null,
            "devices": [],
            "dns": null,
            "dns_opts": null,
            "dns_search": null,
            "domainname": "",
            "entrypoint": [],
            "env": [
              "CONTROL_CENTER_BOOTSTRAP_SERVERS=PLAINTEXT://kafka:9092",
              "CONTROL_CENTER_REPLICATION_FACTOR=1",
              "CONTROL_CENTER_SCHEMA_REGISTRY_URL=http://schema-registry:8083"
            ],
            "exit_code": null,
            "gateway": "172.20.0.1",
            "gpus": null,
            "group_add": null,
            "healthcheck": null,
            "host": [],
            "hostname": "2e1fbd631ca1",
            "id": "2e1fbd631ca11a2230b9e753c5643c53af83ecfbb61c86cbe70213959108dbdd",
            "image": "sha256:115ccdd1bb1fd9e2ff02b6301d0a6adfc86f963788a1dcf856561473b2a6d194",
            "init": false,
            "ip_address": "172.20.0.13",
            "ip_prefix_length": 16,
            "ipc_mode": "private",
            "labels": [],
            "links": null,
            "log_driver": "json-file",
            "log_opts": null,
            "logs": false,
            "max_retry_count": 0,
            "memory": 0,
            "memory_swap": 0,
            "mounts": [],
            "must_run": true,
            "name": "control-center",
            "network_alias": null,
            "network_data": [
              {
                "gateway": "172.20.0.1",
                "global_ipv6_address": "",
                "global_ipv6_prefix_length": 0,
                "ip_address": "172.20.0.13",
                "ip_prefix_length": 16,
                "ipv6_gateway": "",
                "network_name": "nyc_pipeline_net"
              }
            ],
            "network_mode": "bridge",
            "networks": null,
            "networks_advanced": [
              {
                "aliases": [],
                "ipv4_address": "",
                "ipv6_address": "",
                "name": "nyc_pipeline_net"
              }
            ],
            "pid_mode": "",
            "ports": [
              {
                "external": 9021,
                "internal": 9021,
                "ip": "0.0.0.0",
                "protocol": "tcp"
              }
            ],
            "privileged": false,
            "publish_all_ports": false,
            "read_only": false,
            "remove_volumes": true,
            "restart": "no",
            "rm": false,
            "runtime": "runc",
            "security_opts": [],
            "shm_size": 64,
            "start": true,
            "stdin_open": false,
            "stop_signal": "",
            "stop_timeout": 0,
            "storage_opts": null,
            "sysctls": null,
            "tmpfs": null,
            "tty": false,
            "ulimit": [],
            "upload": [],
            "user": "appuser",
            "userns_mode": "",
            "volumes": [],
            "working_dir": "/home/appuser"
          },
          "sensitive_attributes": [],
          "private": "eyJzY2hlbWFfdmVyc2lvbiI6IjIifQ==",
          "dependencies": [
            "docker_container.kafka",
            "docker_container.schema_registry",
            "docker_container.zookeeper",
            "docker_image.control_center",
            "docker_image.kafka",
            "docker_image.schema_registry",
            "docker_image.zookeeper",
            "docker_network.pipeline_network"
          ]
        }
      ]
    },
    {
      "mode": "managed",
      "type": "docker_container",
      "name": "kafka",
      "provider": "provider[\"registry.terraform.io/kreuzwerker/docker\"]",
      "instances": [
        {
          "schema_version": 2,
          "attributes": {
            "attach": false,
            "bridge": "",
            "capabilities": [],
            "command": [
              "sleep 10 \u0026\u0026 /etc/confluent/docker/run"
            ],
            "container_logs": null,
            "cpu_set": "",
            "cpu_shares": 0,
            "destroy_grace_seconds": null,
            "devices": [],
            "dns": null,
            "dns_opts": null,
            "dns_search": null,
            "domainname": "",
            "entrypoint": [
              "/bin/sh",
              "-c"
            ],
            "env": [
              "KAFKA_ADVERTISED_LISTENERS=PLAINTEXT://kafka:9092",
              "KAFKA_AUTO_CREATE_TOPICS_ENABLE=true",
              "KAFKA_BROKER_ID=1",
              "KAFKA_LISTENER_SECURITY_PROTOCOL_MAP=PLAINTEXT:PLAINTEXT",
              "KAFKA_OFFSETS_TOPIC_REPLICATION_FACTOR=1",
              "KAFKA_ZOOKEEPER_CONNECT=zookeeper:2181",
              "KAFKA_ZOOKEEPER_CONNECTION_TIMEOUT_MS=60000",
              "KAFKA_ZOOKEEPER_SESSION_TIMEOUT_MS=60000",
              "KAFKA_ZOOKEEPER_SYNC_TIME_MS=2000"
            ],
            "exit_code": null,
            "gateway": "172.20.0.1",
            "gpus": null,
            "group_add": null,
            "healthcheck": null,
            "host": [],
            "hostname": "kafka",
            "id": "66017fbc7c22d34025e6db91524fa3ae2eb17b21e4a0c557e4b7fd3729647d7c",
            "image": "sha256:187dac6627e7906c350f5f8c982f80ce735ff1a0e571a20de6000a309a12ce63",
            "init": false,
            "ip_address": "172.20.0.11",
            "ip_prefix_length": 16,
            "ipc_mode": "private",
            "labels": [],
            "links": null,
            "log_driver": "json-file",
            "log_opts": null,
            "logs": false,
            "max_retry_count": 0,
            "memory": 0,
            "memory_swap": 0,
            "mounts": [],
            "must_run": true,
            "name": "kafka",
            "network_alias": null,
            "network_data": [
              {
                "gateway": "172.20.0.1",
                "global_ipv6_address": "",
                "global_ipv6_prefix_length": 0,
                "ip_address": "172.20.0.11",
                "ip_prefix_length": 16,
                "ipv6_gateway": "",
                "network_name": "nyc_pipeline_net"
              }
            ],
            "network_mode": "bridge",
            "networks": null,
            "networks_advanced": [
              {
                "aliases": [],
                "ipv4_address": "",
                "ipv6_address": "",
                "name": "nyc_pipeline_net"
              }
            ],
            "pid_mode": "",
            "ports": [
              {
                "external": 9092,
                "internal": 9092,
                "ip": "0.0.0.0",
                "protocol": "tcp"
              }
            ],
            "privileged": false,
            "publish_all_ports": false,
            "read_only": false,
            "remove_volumes": true,
            "restart": "no",
            "rm": false,
            "runtime": "runc",
            "security_opts": [],
            "shm_size": 64,
            "start": true,
            "stdin_open": false,
            "stop_signal": "",
            "stop_timeout": 0,
            "storage_opts": null,
            "sysctls": null,
            "tmpfs": null,
            "tty": false,
            "ulimit": [],
            "upload": [],
            "user": "appuser",
            "userns_mode": "",
            "volumes": [],
            "working_dir": "/home/appuser"
          },
          "sensitive_attributes": [],
          "private": "eyJzY2hlbWFfdmVyc2lvbiI6IjIifQ==",
          "dependencies": [
            "docker_container.zookeeper",
            "docker_image.kafka",
            "docker_image.zookeeper",
            "docker_network.pipeline_network"
          ]
        }
      ]
    },
    {
      "mode": "managed",
      "type": "docker_container",
      "name": "postgres",
      "provider": "provider[\"registry.terraform.io/kreuzwerker/docker\"]",
      "instances": [
        {
          "schema_version": 2,
          "attributes": {
            "attach": false,
            "bridge": "",
            "capabilities": [],
            "command": [
              "postgres"
            ],
            "container_logs": null,
            "cpu_set": "",
            "cpu_shares": 0,
            "destroy_grace_seconds": null,
            "devices": [],
            "dns": null,
            "dns_opts": null,
            "dns_search": null,
            "domainname": "",
            "entrypoint": [
              "docker-entrypoint.sh"
            ],
            "env": [
              "POSTGRES_DB=NycTrafficStreamDatabase",
              "POSTGRES_PASSWORD=admin123",
              "POSTGRES_USER=admin"
            ],
            "exit_code": null,
            "gateway": "172.20.0.1",
            "gpus": null,
            "group_add": null,
            "healthcheck": null,
            "host": [],
            "hostname": "05cb94f4f8f7",
            "id": "05cb94f4f8f7f79ff9a006398d6ca66ce33a078483445d8c5eeb54b10e6b2342",
            "image": "sha256:6cf6142afacfa89fb28b894d6391c7dcbf6523c33178bdc33e782b3b533a9342",
            "init": false,
            "ip_address": "172.20.0.9",
            "ip_prefix_length": 16,
            "ipc_mode": "private",
            "labels": [],
            "links": null,
            "log_driver": "json-file",
            "log_opts": null,
            "logs": false,
            "max_retry_count": 0,
            "memory": 0,
            "memory_swap": 0,
            "mounts": [],
            "must_run": true,
            "name": "postgres",
            "network_alias": null,
            "network_data": [
              {
                "gateway": "172.20.0.1",
                "global_ipv6_address": "",
                "global_ipv6_prefix_length": 0,
                "ip_address": "172.20.0.9",
                "ip_prefix_length": 16,
                "ipv6_gateway": "",
                "network_name": "nyc_pipeline_net"
              }
            ],
            "network_mode": "bridge",
            "networks": null,
            "networks_advanced": [
              {
                "aliases": [],
                "ipv4_address": "",
                "ipv6_address": "",
                "name": "nyc_pipeline_net"
              }
            ],
            "pid_mode": "",
            "ports": [
              {
                "external": 5432,
                "internal": 5432,
                "ip": "0.0.0.0",
                "protocol": "tcp"
              }
            ],
            "privileged": false,
            "publish_all_ports": false,
            "read_only": false,
            "remove_volumes": true,
            "restart": "no",
            "rm": false,
            "runtime": "runc",
            "security_opts": [],
            "shm_size": 64,
            "start": true,
            "stdin_open": false,
            "stop_signal": "SIGINT",
            "stop_timeout": 0,
            "storage_opts": null,
            "sysctls": null,
            "tmpfs": null,
            "tty": false,
            "ulimit": [],
            "upload": [],
            "user": "",
            "userns_mode": "",
            "volumes": [
              {
                "container_path": "/var/lib/postgresql/data",
                "from_container": "",
                "host_path": "D:/a-new-project-todiscover/terraform/data/postgres",
                "read_only": null,
                "volume_name": ""
              }
            ],
            "working_dir": ""
          },
          "sensitive_attributes": [],
          "private": "eyJzY2hlbWFfdmVyc2lvbiI6IjIifQ==",
          "dependencies": [
            "docker_image.postgres",
            "docker_network.pipeline_network"
          ]
        }
      ]
    },
    {
      "mode": "managed",
      "type": "docker_container",
      "name": "schema_registry",
      "provider": "provider[\"registry.terraform.io/kreuzwerker/docker\"]",
      "instances": [
        {
          "schema_version": 2,
          "attributes": {
            "attach": false,
            "bridge": "",
            "capabilities": [],
            "command": [
              "/etc/confluent/docker/run"
            ],
            "container_logs": null,
            "cpu_set": "",
            "cpu_shares": 0,
            "destroy_grace_seconds": null,
            "devices": [],
            "dns": null,
            "dns_opts": null,
            "dns_search": null,
            "domainname": "",
            "entrypoint": [],
            "env": [
              "SCHEMA_REGISTRY_HOST_NAME=schema-registry",
              "SCHEMA_REGISTRY_KAFKASTORE_BOOTSTRAP_SERVERS=PLAINTEXT://kafka:9092"
            ],
            "exit_code": null,
            "gateway": "172.20.0.1",
            "gpus": null,
            "group_add": null,
            "healthcheck": null,
            "host": [],
            "hostname": "c62bbaa6b7a2",
            "id": "c62bbaa6b7a24ec2db774afaff2a9acbe148f7a890e8f29dad486161b20eac5d",
            "image": "sha256:45894007bc1b54ae9db571328ec38d535b3a17e001a60956eb76f6a6212222d6",
            "init": false,
            "ip_address": "172.20.0.12",
            "ip_prefix_length": 16,
            "ipc_mode": "private",
            "labels": [],
            "links": null,
            "log_driver": "json-file",
            "log_opts": null,
            "logs": false,
            "max_retry_count": 0,
            "memory": 0,
            "memory_swap": 0,
            "mounts": [],
            "must_run": true,
            "name": "schema-registry",
            "network_alias": null,
            "network_data": [
              {
                "gateway": "172.20.0.1",
                "global_ipv6_address": "",
                "global_ipv6_prefix_length": 0,
                "ip_address": "172.20.0.12",
                "ip_prefix_length": 16,
                "ipv6_gateway": "",
                "network_name": "nyc_pipeline_net"
              }
            ],
            "network_mode": "bridge",
            "networks": null,
            "networks_advanced": [
              {
                "aliases": [],
                "ipv4_address": "",
                "ipv6_address": "",
                "name": "nyc_pipeline_net"
              }
            ],
            "pid_mode": "",
            "ports": [
              {
                "external": 8083,
                "internal": 8081,
                "ip": "0.0.0.0",
                "protocol": "tcp"
              }
            ],
            "privileged": false,
            "publish_all_ports": false,
            "read_only": false,
            "remove_volumes": true,
            "restart": "no",
            "rm": false,
            "runtime": "runc",
            "security_opts": [],
            "shm_size": 64,
            "start": true,
            "stdin_open": false,
            "stop_signal": "",
            "stop_timeout": 0,
            "storage_opts": null,
            "sysctls": null,
            "tmpfs": null,
            "tty": false,
            "ulimit": [],
            "upload": [],
            "user": "appuser",
            "userns_mode": "",
            "volumes": [],
            "working_dir": "/home/appuser"
          },
          "sensitive_attributes": [],
          "private": "eyJzY2hlbWFfdmVyc2lvbiI6IjIifQ==",
          "dependencies": [
            "docker_container.kafka",
            "docker_container.zookeeper",
            "docker_image.kafka",
            "docker_image.schema_registry",
            "docker_image.zookeeper",
            "docker_network.pipeline_network"
          ]
        }
      ]
    },
    {
      "mode": "managed",
      "type": "docker_container",
      "name": "spark_NYC_master",
      "provider": "provider[\"registry.terraform.io/kreuzwerker/docker\"]",
      "instances": [
        {
          "schema_version": 2,
          "attributes": {
            "attach": false,
            "bridge": "",
            "capabilities": [],
            "command": [],
            "container_logs": null,
            "cpu_set": "",
            "cpu_shares": 0,
            "destroy_grace_seconds": null,
            "devices": [],
            "dns": null,
            "dns_opts": null,
            "dns_search": null,
            "domainname": "",
            "entrypoint": [
              "/app/start.sh"
            ],
            "env": [
              "KAFKA_BROKER=kafka:9092",
              "KAFKA_TOPIC=crashes",
              "PG_PASSWORD=admin123",
              "PG_URL=jdbc:postgresql://postgres:5432/NycTrafficStreamDatabase",
              "PG_USER=admin",
              "SPARK_MODE=master"
            ],
            "exit_code": null,
            "gateway": "172.20.0.1",
            "gpus": null,
            "group_add": null,
            "healthcheck": null,
            "host": [],
            "hostname": "eec363ae5a82",
            "id": "eec363ae5a82da49d895c918d7bc4334f56263262d93656962a12dd20acaeb97",
            "image": "sha256:f50e81305d1d13b463128a663a800e4b947141640e4fd01fc709aa7b3ccb7651",
            "init": false,
            "ip_address": "172.20.0.8",
            "ip_prefix_length": 16,
            "ipc_mode": "private",
            "labels": [],
            "links": null,
            "log_driver": "json-file",
            "log_opts": null,
            "logs": false,
            "max_retry_count": 0,
            "memory": 0,
            "memory_swap": 0,
            "mounts": [],
            "must_run": true,
            "name": "spark-NYC-master",
            "network_alias": null,
            "network_data": [
              {
                "gateway": "172.20.0.1",
                "global_ipv6_address": "",
                "global_ipv6_prefix_length": 0,
                "ip_address": "172.20.0.8",
                "ip_prefix_length": 16,
                "ipv6_gateway": "",
                "network_name": "nyc_pipeline_net"
              }
            ],
            "network_mode": "bridge",
            "networks": null,
            "networks_advanced": [
              {
                "aliases": [],
                "ipv4_address": "",
                "ipv6_address": "",
                "name": "nyc_pipeline_net"
              }
            ],
            "pid_mode": "",
            "ports": [
              {
                "external": 7077,
                "internal": 7077,
                "ip": "0.0.0.0",
                "protocol": "tcp"
              },
              {
                "external": 8081,
                "internal": 8081,
                "ip": "0.0.0.0",
                "protocol": "tcp"
              }
            ],
            "privileged": false,
            "publish_all_ports": false,
            "read_only": false,
            "remove_volumes": true,
            "restart": "always",
            "rm": false,
            "runtime": "runc",
            "security_opts": [],
            "shm_size": 64,
            "start": true,
            "stdin_open": false,
            "stop_signal": "",
            "stop_timeout": 0,
            "storage_opts": null,
            "sysctls": null,
            "tmpfs": null,
            "tty": false,
            "ulimit": [],
            "upload": [],
            "user": "root",
            "userns_mode": "",
            "volumes": [],
            "working_dir": "/app"
          },
          "sensitive_attributes": [],
          "private": "eyJzY2hlbWFfdmVyc2lvbiI6IjIifQ==",
          "dependencies": [
            "docker_image.spark",
            "docker_network.pipeline_network"
          ]
        }
      ]
    },
    {
      "mode": "managed",
      "type": "docker_container",
      "name": "spark_worker1",
      "provider": "provider[\"registry.terraform.io/kreuzwerker/docker\"]",
      "instances": [
        {
          "schema_version": 2,
          "attributes": {
            "attach": false,
            "bridge": "",
            "capabilities": [],
            "command": [],
            "container_logs": null,
            "cpu_set": "",
            "cpu_shares": 0,
            "destroy_grace_seconds": null,
            "devices": [],
            "dns": null,
            "dns_opts": null,
            "dns_search": null,
            "domainname": "",
            "entrypoint": [
              "/app/start.sh"
            ],
            "env": [
              "SPARK_MASTER_URL=spark://spark-NYC-master:7077",
              "SPARK_MODE=worker"
            ],
            "exit_code": null,
            "gateway": "172.20.0.1",
            "gpus": null,
            "group_add": null,
            "healthcheck": null,
            "host": [],
            "hostname": "39a69d622399",
            "id": "39a69d6223994d074b4f7f31760777ba98d5ba64b8ace5970e55fb4d3da28f67",
            "image": "sha256:f50e81305d1d13b463128a663a800e4b947141640e4fd01fc709aa7b3ccb7651",
            "init": false,
            "ip_address": "172.20.0.10",
            "ip_prefix_length": 16,
            "ipc_mode": "private",
            "labels": [],
            "links": null,
            "log_driver": "json-file",
            "log_opts": null,
            "logs": false,
            "max_retry_count": 0,
            "memory": 0,
            "memory_swap": 0,
            "mounts": [],
            "must_run": true,
            "name": "spark-worker-1",
            "network_alias": null,
            "network_data": [
              {
                "gateway": "172.20.0.1",
                "global_ipv6_address": "",
                "global_ipv6_prefix_length": 0,
                "ip_address": "172.20.0.10",
                "ip_prefix_length": 16,
                "ipv6_gateway": "",
                "network_name": "nyc_pipeline_net"
              }
            ],
            "network_mode": "bridge",
            "networks": null,
            "networks_advanced": [
              {
                "aliases": [],
                "ipv4_address": "",
                "ipv6_address": "",
                "name": "nyc_pipeline_net"
              }
            ],
            "pid_mode": "",
            "ports": [
              {
                "external": 8082,
                "internal": 8082,
                "ip": "0.0.0.0",
                "protocol": "tcp"
              }
            ],
            "privileged": false,
            "publish_all_ports": false,
            "read_only": false,
            "remove_volumes": true,
            "restart": "no",
            "rm": false,
            "runtime": "runc",
            "security_opts": [],
            "shm_size": 64,
            "start": true,
            "stdin_open": false,
            "stop_signal": "",
            "stop_timeout": 0,
            "storage_opts": null,
            "sysctls": null,
            "tmpfs": null,
            "tty": false,
            "ulimit": [],
            "upload": [],
            "user": "root",
            "userns_mode": "",
            "volumes": [],
            "working_dir": "/app"
          },
          "sensitive_attributes": [],
          "private": "eyJzY2hlbWFfdmVyc2lvbiI6IjIifQ==",
          "dependencies": [
            "docker_container.spark_NYC_master",
            "docker_image.spark",
            "docker_network.pipeline_network"
          ]
        }
      ]
    },
    {
      "mode": "managed",
      "type": "docker_container",
      "name": "zookeeper",
      "provider": "provider[\"registry.terraform.io/kreuzwerker/docker\"]",
      "instances": [
        {
          "schema_version": 2,
          "attributes": {
            "attach": false,
            "bridge": "",
            "capabilities": [],
            "command": [
              "/etc/confluent/docker/run"
            ],
            "container_logs": null,
            "cpu_set": "",
            "cpu_shares": 0,
            "destroy_grace_seconds": null,
            "devices": [],
            "dns": null,
            "dns_opts": null,
            "dns_search": null,
            "domainname": "",
            "entrypoint": [],
            "env": [
              "ZOOKEEPER_CLIENT_PORT=2181",
              "ZOOKEEPER_TICK_TIME=2000"
            ],
            "exit_code": null,
            "gateway": "172.20.0.1",
            "gpus": null,
            "group_add": null,
            "healthcheck": null,
            "host": [],
            "hostname": "zookeeper",
            "id": "e770eb8f77c1e3c4d40d1c49ce71d50febbd6ea26b3aeabad349bef66bfbad38",
            "image": "sha256:90631f224b4397ecfb4e824e43d93e0e42656841c6d55ef635c49df3975260ae",
            "init": false,
            "ip_address": "172.20.0.6",
            "ip_prefix_length": 16,
            "ipc_mode": "private",
            "labels": [],
            "links": null,
            "log_driver": "json-file",
            "log_opts": null,
            "logs": false,
            "max_retry_count": 0,
            "memory": 0,
            "memory_swap": 0,
            "mounts": [],
            "must_run": true,
            "name": "zookeeper",
            "network_alias": null,
            "network_data": [
              {
                "gateway": "172.20.0.1",
                "global_ipv6_address": "",
                "global_ipv6_prefix_length": 0,
                "ip_address": "172.20.0.6",
                "ip_prefix_length": 16,
                "ipv6_gateway": "",
                "network_name": "nyc_pipeline_net"
              }
            ],
            "network_mode": "bridge",
            "networks": null,
            "networks_advanced": [
              {
                "aliases": [],
                "ipv4_address": "",
                "ipv6_address": "",
                "name": "nyc_pipeline_net"
              }
            ],
            "pid_mode": "",
            "ports": [
              {
                "external": 2181,
                "internal": 2181,
                "ip": "0.0.0.0",
                "protocol": "tcp"
              }
            ],
            "privileged": false,
            "publish_all_ports": false,
            "read_only": false,
            "remove_volumes": true,
            "restart": "no",
            "rm": false,
            "runtime": "runc",
            "security_opts": [],
            "shm_size": 64,
            "start": true,
            "stdin_open": false,
            "stop_signal": "",
            "stop_timeout": 0,
            "storage_opts": null,
            "sysctls": null,
            "tmpfs": null,
            "tty": false,
            "ulimit": [],
            "upload": [],
            "user": "appuser",
            "userns_mode": "",
            "volumes": [],
            "working_dir": "/home/appuser"
          },
          "sensitive_attributes": [],
          "private": "eyJzY2hlbWFfdmVyc2lvbiI6IjIifQ==",
          "dependencies": [
            "docker_image.zookeeper",
            "docker_network.pipeline_network"
          ]
        }
      ]
    },
    {
      "mode": "managed",
      "type": "docker_image",
      "name": "control_center",
      "provider": "provider[\"registry.terraform.io/kreuzwerker/docker\"]",
      "instances": [
        {
          "schema_version": 0,
          "attributes": {
            "build": [],
            "force_remove": null,
            "id": "sha256:115ccdd1bb1fd9e2ff02b6301d0a6adfc86f963788a1dcf856561473b2a6d194confluentinc/cp-enterprise-control-center:7.4.0",
            "keep_locally": null,
            "latest": "sha256:115ccdd1bb1fd9e2ff02b6301d0a6adfc86f963788a1dcf856561473b2a6d194",
            "name": "confluentinc/cp-enterprise-control-center:7.4.0",
            "output": null,
            "pull_trigger": null,
            "pull_triggers": null,
            "repo_digest": "confluentinc/cp-enterprise-control-center@sha256:115ccdd1bb1fd9e2ff02b6301d0a6adfc86f963788a1dcf856561473b2a6d194",
            "triggers": null
          },
          "sensitive_attributes": [],
          "private": "bnVsbA=="
        }
      ]
    },
    {
      "mode": "managed",
      "type": "docker_image",
      "name": "kafka",
      "provider": "provider[\"registry.terraform.io/kreuzwerker/docker\"]",
      "instances": [
        {
          "schema_version": 0,
          "attributes": {
            "build": [],
            "force_remove": null,
            "id": "sha256:187dac6627e7906c350f5f8c982f80ce735ff1a0e571a20de6000a309a12ce63confluentinc/cp-kafka:7.4.0",
            "keep_locally": null,
            "latest": "sha256:187dac6627e7906c350f5f8c982f80ce735ff1a0e571a20de6000a309a12ce63",
            "name": "confluentinc/cp-kafka:7.4.0",
            "output": null,
            "pull_trigger": null,
            "pull_triggers": null,
            "repo_digest": "confluentinc/cp-kafka@sha256:187dac6627e7906c350f5f8c982f80ce735ff1a0e571a20de6000a309a12ce63",
            "triggers": null
          },
          "sensitive_attributes": [],
          "private": "bnVsbA=="
        }
      ]
    },
    {
      "mode": "managed",
      "type": "docker_image",
      "name": "postgres",
      "provider": "provider[\"registry.terraform.io/kreuzwerker/docker\"]",
      "instances": [
        {
          "schema_version": 0,
          "attributes": {
            "build": [],
            "force_remove": null,
            "id": "sha256:6cf6142afacfa89fb28b894d6391c7dcbf6523c33178bdc33e782b3b533a9342postgres:latest",
            "keep_locally": null,
            "latest": "sha256:6cf6142afacfa89fb28b894d6391c7dcbf6523c33178bdc33e782b3b533a9342",
            "name": "postgres:latest",
            "output": null,
            "pull_trigger": null,
            "pull_triggers": null,
            "repo_digest": "postgres@sha256:6cf6142afacfa89fb28b894d6391c7dcbf6523c33178bdc33e782b3b533a9342",
            "triggers": null
          },
          "sensitive_attributes": [],
          "private": "bnVsbA=="
        }
      ]
    },
    {
      "mode": "managed",
      "type": "docker_image",
      "name": "schema_registry",
      "provider": "provider[\"registry.terraform.io/kreuzwerker/docker\"]",
      "instances": [
        {
          "schema_version": 0,
          "attributes": {
            "build": [],
            "force_remove": null,
            "id": "sha256:45894007bc1b54ae9db571328ec38d535b3a17e001a60956eb76f6a6212222d6confluentinc/cp-schema-registry:7.4.0",
            "keep_locally": null,
            "latest": "sha256:45894007bc1b54ae9db571328ec38d535b3a17e001a60956eb76f6a6212222d6",
            "name": "confluentinc/cp-schema-registry:7.4.0",
            "output": null,
            "pull_trigger": null,
            "pull_triggers": null,
            "repo_digest": "confluentinc/cp-schema-registry@sha256:45894007bc1b54ae9db571328ec38d535b3a17e001a60956eb76f6a6212222d6",
            "triggers": null
          },
          "sensitive_attributes": [],
          "private": "bnVsbA=="
        }
      ]
    },
    {
      "mode": "managed",
      "type": "docker_image",
      "name": "spark",
      "provider": "provider[\"registry.terraform.io/kreuzwerker/docker\"]",
      "instances": [
        {
          "schema_version": 0,
          "attributes": {
            "build": [],
            "force_remove": null,
            "id": "sha256:f50e81305d1d13b463128a663a800e4b947141640e4fd01fc709aa7b3ccb7651pyspark_etl:latest",
            "keep_locally": null,
            "latest": "sha256:f50e81305d1d13b463128a663a800e4b947141640e4fd01fc709aa7b3ccb7651",
            "name": "pyspark_etl:latest",
            "output": null,
            "pull_trigger": null,
            "pull_triggers": null,
            "repo_digest": "pyspark_etl@sha256:f50e81305d1d13b463128a663a800e4b947141640e4fd01fc709aa7b3ccb7651",
            "triggers": null
          },
          "sensitive_attributes": [],
          "private": "bnVsbA=="
        }
      ]
    },
    {
      "mode": "managed",
      "type": "docker_image",
      "name": "zookeeper",
      "provider": "provider[\"registry.terraform.io/kreuzwerker/docker\"]",
      "instances": [
        {
          "schema_version": 0,
          "attributes": {
            "build": [],
            "force_remove": null,
            "id": "sha256:90631f224b4397ecfb4e824e43d93e0e42656841c6d55ef635c49df3975260aeconfluentinc/cp-zookeeper:7.4.0",
            "keep_locally": null,
            "latest": "sha256:90631f224b4397ecfb4e824e43d93e0e42656841c6d55ef635c49df3975260ae",
            "name": "confluentinc/cp-zookeeper:7.4.0",
            "output": null,
            "pull_trigger": null,
            "pull_triggers": null,
            "repo_digest": "confluentinc/cp-zookeeper@sha256:90631f224b4397ecfb4e824e43d93e0e42656841c6d55ef635c49df3975260ae",
            "triggers": null
          },
          "sensitive_attributes": [],
          "private": "bnVsbA=="
        }
      ]
    },
    {
      "mode": "managed",
      "type": "docker_network",
      "name": "pipeline_network",
      "provider": "provider[\"registry.terraform.io/kreuzwerker/docker\"]",
      "instances": [
        {
          "schema_version": 1,
          "attributes": {
            "attachable": false,
            "check_duplicate": null,
            "driver": "bridge",
            "id": "1ec200bdd2d600eebbcdc6a60c852685682dc2819001db5fd1c2642800c8adb1",
            "ingress": false,
            "internal": false,
            "ipam_config": [
              {
                "aux_address": {},
                "gateway": "172.20.0.1",
                "ip_range": "",
                "subnet": "172.20.0.0/16"
              }
            ],
            "ipam_driver": "default",
            "ipv6": false,
            "labels": [],
            "name": "nyc_pipeline_net",
            "options": {},
            "scope": "local"
          },
          "sensitive_attributes": [],
          "private": "eyJzY2hlbWFfdmVyc2lvbiI6IjEifQ=="
        }
      ]
    }
  ],
  "check_results": null
}
