{
  "version": 4,
  "terraform_version": "1.10.5",
  "serial": 114,
  "lineage": "20708b3f-9879-9963-7526-3e35121363f4",
  "outputs": {},
  "resources": [
    {
      "mode": "managed",
      "type": "docker_container",
      "name": "cassandra",
      "provider": "provider[\"registry.terraform.io/kreuzwerker/docker\"]",
      "instances": [
        {
          "schema_version": 2,
          "attributes": {
            "attach": false,
            "bridge": "",
            "capabilities": [],
            "command": [
              "cassandra",
              "-f"
            ],
            "container_logs": null,
            "cpu_set": "",
            "cpu_shares": 0,
            "destroy_grace_seconds": null,
            "devices": [],
            "dns": null,
            "dns_opts": null,
            "dns_search": null,
            "domainname": "",
            "entrypoint": [
              "docker-entrypoint.sh"
            ],
            "env": [
              "CASSANDRA_CLUSTER_NAME=NYCStreamCluster",
              "CASSANDRA_DC=DC1",
              "CASSANDRA_NUM_TOKENS=50",
              "CASSANDRA_RACK=RAC1"
            ],
            "exit_code": null,
            "gateway": "172.20.0.1",
            "gpus": null,
            "group_add": null,
            "healthcheck": null,
            "host": [],
            "hostname": "c23ffadc5fe0",
            "id": "c23ffadc5fe08c73f4bec7a751d2368d8a89908d3185f9d8b984dfe80b776f33",
            "image": "sha256:2d241468ad9d0c091905dddb8d4e5cf4bdfbbfbd6d2acdbd4c7c312e43da93e1",
            "init": false,
            "ip_address": "172.20.0.3",
            "ip_prefix_length": 16,
            "ipc_mode": "private",
            "labels": [],
            "links": null,
            "log_driver": "json-file",
            "log_opts": null,
            "logs": false,
            "max_retry_count": 0,
            "memory": 0,
            "memory_swap": 0,
            "mounts": [],
            "must_run": true,
            "name": "cassandra",
            "network_alias": null,
            "network_data": [
              {
                "gateway": "172.20.0.1",
                "global_ipv6_address": "",
                "global_ipv6_prefix_length": 0,
                "ip_address": "172.20.0.3",
                "ip_prefix_length": 16,
                "ipv6_gateway": "",
                "network_name": "nyc_pipeline_net"
              }
            ],
            "network_mode": "bridge",
            "networks": null,
            "networks_advanced": [
              {
                "aliases": [],
                "ipv4_address": "",
                "ipv6_address": "",
                "name": "nyc_pipeline_net"
              }
            ],
            "pid_mode": "",
            "ports": [
              {
                "external": 9042,
                "internal": 9042,
                "ip": "0.0.0.0",
                "protocol": "tcp"
              }
            ],
            "privileged": false,
            "publish_all_ports": false,
            "read_only": false,
            "remove_volumes": true,
            "restart": "no",
            "rm": false,
            "runtime": "runc",
            "security_opts": [],
            "shm_size": 64,
            "start": true,
            "stdin_open": false,
            "stop_signal": "",
            "stop_timeout": 0,
            "storage_opts": null,
            "sysctls": null,
            "tmpfs": null,
            "tty": false,
            "ulimit": [],
            "upload": [],
            "user": "",
            "userns_mode": "",
            "volumes": [
              {
                "container_path": "/var/lib/cassandra",
                "from_container": "",
                "host_path": "D:/a-new-project-todiscover/terraform/data/cassandra",
                "read_only": null,
                "volume_name": ""
              }
            ],
            "working_dir": ""
          },
          "sensitive_attributes": [],
          "private": "eyJzY2hlbWFfdmVyc2lvbiI6IjIifQ==",
          "dependencies": [
            "docker_image.cassandra",
            "docker_network.pipeline_network"
          ]
        }
      ]
    },
    {
      "mode": "managed",
      "type": "docker_container",
      "name": "control_center",
      "provider": "provider[\"registry.terraform.io/kreuzwerker/docker\"]",
      "instances": [
        {
          "schema_version": 2,
          "attributes": {
            "attach": false,
            "bridge": "",
            "capabilities": [],
            "command": [
              "/etc/confluent/docker/run"
            ],
            "container_logs": null,
            "cpu_set": "",
            "cpu_shares": 0,
            "destroy_grace_seconds": null,
            "devices": [],
            "dns": null,
            "dns_opts": null,
            "dns_search": null,
            "domainname": "",
            "entrypoint": [],
            "env": [
              "CONTROL_CENTER_BOOTSTRAP_SERVERS=PLAINTEXT://kafka:9092",
              "CONTROL_CENTER_SCHEMA_REGISTRY_URL=http://schema-registry:8083"
            ],
            "exit_code": null,
            "gateway": "172.20.0.1",
            "gpus": null,
            "group_add": null,
            "healthcheck": null,
            "host": [],
            "hostname": "ae9f4dea6ba7",
            "id": "ae9f4dea6ba7c5b5e44b0dc01f6aaa232f6278a40f969904190da7876e502c76",
            "image": "sha256:95391ec9ae458300773b3d0245bb0229671e3ce7c974bb50e2a60616b610834a",
            "init": false,
            "ip_address": "172.20.0.9",
            "ip_prefix_length": 16,
            "ipc_mode": "private",
            "labels": [],
            "links": null,
            "log_driver": "json-file",
            "log_opts": null,
            "logs": false,
            "max_retry_count": 0,
            "memory": 0,
            "memory_swap": 0,
            "mounts": [],
            "must_run": true,
            "name": "control-center",
            "network_alias": null,
            "network_data": [
              {
                "gateway": "172.20.0.1",
                "global_ipv6_address": "",
                "global_ipv6_prefix_length": 0,
                "ip_address": "172.20.0.9",
                "ip_prefix_length": 16,
                "ipv6_gateway": "",
                "network_name": "nyc_pipeline_net"
              }
            ],
            "network_mode": "bridge",
            "networks": null,
            "networks_advanced": [
              {
                "aliases": [],
                "ipv4_address": "",
                "ipv6_address": "",
                "name": "nyc_pipeline_net"
              }
            ],
            "pid_mode": "",
            "ports": [
              {
                "external": 9021,
                "internal": 9021,
                "ip": "0.0.0.0",
                "protocol": "tcp"
              }
            ],
            "privileged": false,
            "publish_all_ports": false,
            "read_only": false,
            "remove_volumes": true,
            "restart": "no",
            "rm": false,
            "runtime": "runc",
            "security_opts": [],
            "shm_size": 64,
            "start": true,
            "stdin_open": false,
            "stop_signal": "",
            "stop_timeout": 0,
            "storage_opts": null,
            "sysctls": null,
            "tmpfs": null,
            "tty": false,
            "ulimit": [],
            "upload": [],
            "user": "appuser",
            "userns_mode": "",
            "volumes": [],
            "working_dir": "/home/appuser"
          },
          "sensitive_attributes": [],
          "private": "eyJzY2hlbWFfdmVyc2lvbiI6IjIifQ==",
          "dependencies": [
            "docker_container.kafka",
            "docker_container.schema_registry",
            "docker_container.zookeeper",
            "docker_image.control_center",
            "docker_image.kafka",
            "docker_image.schema_registry",
            "docker_image.zookeeper",
            "docker_network.pipeline_network"
          ]
        }
      ]
    },
    {
      "mode": "managed",
      "type": "docker_container",
      "name": "kafka",
      "provider": "provider[\"registry.terraform.io/kreuzwerker/docker\"]",
      "instances": [
        {
          "schema_version": 2,
          "attributes": {
            "attach": false,
            "bridge": "",
            "capabilities": [],
            "command": [
              "/etc/confluent/docker/run"
            ],
            "container_logs": null,
            "cpu_set": "",
            "cpu_shares": 0,
            "destroy_grace_seconds": null,
            "devices": [],
            "dns": null,
            "dns_opts": null,
            "dns_search": null,
            "domainname": "",
            "entrypoint": [],
            "env": [
              "KAFKA_ADVERTISED_LISTENERS=PLAINTEXT://localhost:9092",
              "KAFKA_AUTO_CREATE_TOPICS_ENABLE=true",
              "KAFKA_BROKER_ID=1",
              "KAFKA_LISTENER_SECURITY_PROTOCOL_MAP=PLAINTEXT:PLAINTEXT",
              "KAFKA_OFFSETS_TOPIC_REPLICATION_FACTOR=1",
              "KAFKA_ZOOKEEPER_CONNECT=zookeeper:2181"
            ],
            "exit_code": null,
            "gateway": "172.20.0.1",
            "gpus": null,
            "group_add": null,
            "healthcheck": null,
            "host": [],
            "hostname": "732ee5745fd5",
            "id": "732ee5745fd5af67e579fbe551a810e0d6c742931a09b6686cd1a62dd867fd89",
            "image": "sha256:187dac6627e7906c350f5f8c982f80ce735ff1a0e571a20de6000a309a12ce63",
            "init": false,
            "ip_address": "172.20.0.6",
            "ip_prefix_length": 16,
            "ipc_mode": "private",
            "labels": [],
            "links": null,
            "log_driver": "json-file",
            "log_opts": null,
            "logs": false,
            "max_retry_count": 0,
            "memory": 0,
            "memory_swap": 0,
            "mounts": [],
            "must_run": true,
            "name": "kafka",
            "network_alias": null,
            "network_data": [
              {
                "gateway": "172.20.0.1",
                "global_ipv6_address": "",
                "global_ipv6_prefix_length": 0,
                "ip_address": "172.20.0.6",
                "ip_prefix_length": 16,
                "ipv6_gateway": "",
                "network_name": "nyc_pipeline_net"
              }
            ],
            "network_mode": "bridge",
            "networks": null,
            "networks_advanced": [
              {
                "aliases": [],
                "ipv4_address": "",
                "ipv6_address": "",
                "name": "nyc_pipeline_net"
              }
            ],
            "pid_mode": "",
            "ports": [
              {
                "external": 9092,
                "internal": 9092,
                "ip": "0.0.0.0",
                "protocol": "tcp"
              }
            ],
            "privileged": false,
            "publish_all_ports": false,
            "read_only": false,
            "remove_volumes": true,
            "restart": "no",
            "rm": false,
            "runtime": "runc",
            "security_opts": [],
            "shm_size": 64,
            "start": true,
            "stdin_open": false,
            "stop_signal": "",
            "stop_timeout": 0,
            "storage_opts": null,
            "sysctls": null,
            "tmpfs": null,
            "tty": false,
            "ulimit": [],
            "upload": [],
            "user": "appuser",
            "userns_mode": "",
            "volumes": [],
            "working_dir": "/home/appuser"
          },
          "sensitive_attributes": [],
          "private": "eyJzY2hlbWFfdmVyc2lvbiI6IjIifQ==",
          "dependencies": [
            "docker_container.zookeeper",
            "docker_image.kafka",
            "docker_image.zookeeper",
            "docker_network.pipeline_network"
          ]
        }
      ]
    },
    {
      "mode": "managed",
      "type": "docker_container",
      "name": "postgres",
      "provider": "provider[\"registry.terraform.io/kreuzwerker/docker\"]",
      "instances": [
        {
          "schema_version": 2,
          "attributes": {
            "attach": false,
            "bridge": "",
            "capabilities": [],
            "command": [
              "postgres"
            ],
            "container_logs": null,
            "cpu_set": "",
            "cpu_shares": 0,
            "destroy_grace_seconds": null,
            "devices": [],
            "dns": null,
            "dns_opts": null,
            "dns_search": null,
            "domainname": "",
            "entrypoint": [
              "docker-entrypoint.sh"
            ],
            "env": [
              "POSTGRES_DB=NycTrafficStreamDatabase",
              "POSTGRES_PASSWORD=admin123",
              "POSTGRES_USER=admin"
            ],
            "exit_code": null,
            "gateway": "172.20.0.1",
            "gpus": null,
            "group_add": null,
            "healthcheck": null,
            "host": [],
            "hostname": "3e5884940ef0",
            "id": "3e5884940ef03c12d606cf6d3dd83b95f560afb7c2f2997317e3fd653dcb98d8",
            "image": "sha256:6cf6142afacfa89fb28b894d6391c7dcbf6523c33178bdc33e782b3b533a9342",
            "init": false,
            "ip_address": "172.20.0.4",
            "ip_prefix_length": 16,
            "ipc_mode": "private",
            "labels": [],
            "links": null,
            "log_driver": "json-file",
            "log_opts": null,
            "logs": false,
            "max_retry_count": 0,
            "memory": 0,
            "memory_swap": 0,
            "mounts": [],
            "must_run": true,
            "name": "postgres",
            "network_alias": null,
            "network_data": [
              {
                "gateway": "172.20.0.1",
                "global_ipv6_address": "",
                "global_ipv6_prefix_length": 0,
                "ip_address": "172.20.0.4",
                "ip_prefix_length": 16,
                "ipv6_gateway": "",
                "network_name": "nyc_pipeline_net"
              }
            ],
            "network_mode": "bridge",
            "networks": null,
            "networks_advanced": [
              {
                "aliases": [],
                "ipv4_address": "",
                "ipv6_address": "",
                "name": "nyc_pipeline_net"
              }
            ],
            "pid_mode": "",
            "ports": [
              {
                "external": 5432,
                "internal": 5432,
                "ip": "0.0.0.0",
                "protocol": "tcp"
              }
            ],
            "privileged": false,
            "publish_all_ports": false,
            "read_only": false,
            "remove_volumes": true,
            "restart": "no",
            "rm": false,
            "runtime": "runc",
            "security_opts": [],
            "shm_size": 64,
            "start": true,
            "stdin_open": false,
            "stop_signal": "SIGINT",
            "stop_timeout": 0,
            "storage_opts": null,
            "sysctls": null,
            "tmpfs": null,
            "tty": false,
            "ulimit": [],
            "upload": [],
            "user": "",
            "userns_mode": "",
            "volumes": [
              {
                "container_path": "/var/lib/postgresql/data",
                "from_container": "",
                "host_path": "D:/a-new-project-todiscover/terraform/data/postgres",
                "read_only": null,
                "volume_name": ""
              }
            ],
            "working_dir": ""
          },
          "sensitive_attributes": [],
          "private": "eyJzY2hlbWFfdmVyc2lvbiI6IjIifQ==",
          "dependencies": [
            "docker_image.postgres",
            "docker_network.pipeline_network"
          ]
        }
      ]
    },
    {
      "mode": "managed",
      "type": "docker_container",
      "name": "schema_registry",
      "provider": "provider[\"registry.terraform.io/kreuzwerker/docker\"]",
      "instances": [
        {
          "schema_version": 2,
          "attributes": {
            "attach": false,
            "bridge": "",
            "capabilities": [],
            "command": [
              "/etc/confluent/docker/run"
            ],
            "container_logs": null,
            "cpu_set": "",
            "cpu_shares": 0,
            "destroy_grace_seconds": null,
            "devices": [],
            "dns": null,
            "dns_opts": null,
            "dns_search": null,
            "domainname": "",
            "entrypoint": [],
            "env": [
              "SCHEMA_REGISTRY_HOST_NAME=schema-registry",
              "SCHEMA_REGISTRY_KAFKASTORE_BOOTSTRAP_SERVERS=PLAINTEXT://kafka:9092"
            ],
            "exit_code": null,
            "gateway": "172.20.0.1",
            "gpus": null,
            "group_add": null,
            "healthcheck": null,
            "host": [],
            "hostname": "c50edbe5ac45",
            "id": "c50edbe5ac45ce6f8202c54c70020473f5c988e4fae1aca52a95294ea6b31ea3",
            "image": "sha256:e51684b472a2481f065f44616d3d8ad2182029a7011f949a612d35b54566a1f6",
            "init": false,
            "ip_address": "172.20.0.8",
            "ip_prefix_length": 16,
            "ipc_mode": "private",
            "labels": [],
            "links": null,
            "log_driver": "json-file",
            "log_opts": null,
            "logs": false,
            "max_retry_count": 0,
            "memory": 0,
            "memory_swap": 0,
            "mounts": [],
            "must_run": true,
            "name": "schema-registry",
            "network_alias": null,
            "network_data": [
              {
                "gateway": "172.20.0.1",
                "global_ipv6_address": "",
                "global_ipv6_prefix_length": 0,
                "ip_address": "172.20.0.8",
                "ip_prefix_length": 16,
                "ipv6_gateway": "",
                "network_name": "nyc_pipeline_net"
              }
            ],
            "network_mode": "bridge",
            "networks": null,
            "networks_advanced": [
              {
                "aliases": [],
                "ipv4_address": "",
                "ipv6_address": "",
                "name": "nyc_pipeline_net"
              }
            ],
            "pid_mode": "",
            "ports": [
              {
                "external": 8083,
                "internal": 8083,
                "ip": "0.0.0.0",
                "protocol": "tcp"
              }
            ],
            "privileged": false,
            "publish_all_ports": false,
            "read_only": false,
            "remove_volumes": true,
            "restart": "no",
            "rm": false,
            "runtime": "runc",
            "security_opts": [],
            "shm_size": 64,
            "start": true,
            "stdin_open": false,
            "stop_signal": "",
            "stop_timeout": 0,
            "storage_opts": null,
            "sysctls": null,
            "tmpfs": null,
            "tty": false,
            "ulimit": [],
            "upload": [],
            "user": "appuser",
            "userns_mode": "",
            "volumes": [],
            "working_dir": "/home/appuser"
          },
          "sensitive_attributes": [],
          "private": "eyJzY2hlbWFfdmVyc2lvbiI6IjIifQ==",
          "dependencies": [
            "docker_container.kafka",
            "docker_container.zookeeper",
            "docker_image.kafka",
            "docker_image.schema_registry",
            "docker_image.zookeeper",
            "docker_network.pipeline_network"
          ]
        }
      ]
    },
    {
      "mode": "managed",
      "type": "docker_container",
      "name": "spark_NYC_master",
      "provider": "provider[\"registry.terraform.io/kreuzwerker/docker\"]",
      "instances": [
        {
          "schema_version": 2,
          "attributes": {
            "attach": false,
            "bridge": "",
            "capabilities": [],
            "command": [
              "/opt/bitnami/scripts/spark/run.sh"
            ],
            "container_logs": null,
            "cpu_set": "",
            "cpu_shares": 0,
            "destroy_grace_seconds": null,
            "devices": [],
            "dns": null,
            "dns_opts": null,
            "dns_search": null,
            "domainname": "",
            "entrypoint": [
              "/opt/bitnami/scripts/spark/entrypoint.sh"
            ],
            "env": [
              "KAFKA_BROKER=kafka:9092",
              "KAFKA_TOPIC=raw_incidents",
              "PG_PASSWORD=admin123",
              "PG_URL=jdbc:postgresql://postgres:5432/NycTrafficStreamDatabase",
              "PG_USER=admin",
              "SPARK_MODE=master"
            ],
            "exit_code": null,
            "gateway": "172.20.0.1",
            "gpus": null,
            "group_add": null,
            "healthcheck": null,
            "host": [],
            "hostname": "964a0c39c36d",
            "id": "964a0c39c36d892f5a8f42290b663b47c476a291b5ad58ec0309cbfd379ef769",
            "image": "sha256:8112420cfd8c553528e50e6452b9d3a09f4d1d436b7186527070c121b01bde49",
            "init": false,
            "ip_address": "172.20.0.5",
            "ip_prefix_length": 16,
            "ipc_mode": "private",
            "labels": [],
            "links": null,
            "log_driver": "json-file",
            "log_opts": null,
            "logs": false,
            "max_retry_count": 0,
            "memory": 0,
            "memory_swap": 0,
            "mounts": [],
            "must_run": true,
            "name": "spark-NYC-master",
            "network_alias": null,
            "network_data": [
              {
                "gateway": "172.20.0.1",
                "global_ipv6_address": "",
                "global_ipv6_prefix_length": 0,
                "ip_address": "172.20.0.5",
                "ip_prefix_length": 16,
                "ipv6_gateway": "",
                "network_name": "nyc_pipeline_net"
              }
            ],
            "network_mode": "bridge",
            "networks": null,
            "networks_advanced": [
              {
                "aliases": [],
                "ipv4_address": "",
                "ipv6_address": "",
                "name": "nyc_pipeline_net"
              }
            ],
            "pid_mode": "",
            "ports": [
              {
                "external": 7077,
                "internal": 7077,
                "ip": "0.0.0.0",
                "protocol": "tcp"
              },
              {
                "external": 8081,
                "internal": 8081,
                "ip": "0.0.0.0",
                "protocol": "tcp"
              }
            ],
            "privileged": false,
            "publish_all_ports": false,
            "read_only": false,
            "remove_volumes": true,
            "restart": "always",
            "rm": false,
            "runtime": "runc",
            "security_opts": [],
            "shm_size": 64,
            "start": true,
            "stdin_open": false,
            "stop_signal": "",
            "stop_timeout": 0,
            "storage_opts": null,
            "sysctls": null,
            "tmpfs": null,
            "tty": false,
            "ulimit": [],
            "upload": [],
            "user": "1001",
            "userns_mode": "",
            "volumes": [],
            "working_dir": "/opt/bitnami/spark"
          },
          "sensitive_attributes": [],
          "private": "eyJzY2hlbWFfdmVyc2lvbiI6IjIifQ==",
          "dependencies": [
            "docker_image.spark",
            "docker_network.pipeline_network"
          ]
        }
      ]
    },
    {
      "mode": "managed",
      "type": "docker_container",
      "name": "spark_worker1",
      "provider": "provider[\"registry.terraform.io/kreuzwerker/docker\"]",
      "instances": [
        {
          "schema_version": 2,
          "attributes": {
            "attach": false,
            "bridge": "",
            "capabilities": [],
            "command": [
              "/opt/bitnami/scripts/spark/run.sh"
            ],
            "container_logs": null,
            "cpu_set": "",
            "cpu_shares": 0,
            "destroy_grace_seconds": null,
            "devices": [],
            "dns": null,
            "dns_opts": null,
            "dns_search": null,
            "domainname": "",
            "entrypoint": [
              "/opt/bitnami/scripts/spark/entrypoint.sh"
            ],
            "env": [
              "SPARK_MASTER_URL=spark://spark-NYC-master:7077",
              "SPARK_MODE=worker"
            ],
            "exit_code": null,
            "gateway": "172.20.0.1",
            "gpus": null,
            "group_add": null,
            "healthcheck": null,
            "host": [],
            "hostname": "6412c7f0bcce",
            "id": "6412c7f0bcce8abf3078114d40184b8a3680b0ca1fc53d1e8535831cbda95aca",
            "image": "sha256:8112420cfd8c553528e50e6452b9d3a09f4d1d436b7186527070c121b01bde49",
            "init": false,
            "ip_address": "172.20.0.7",
            "ip_prefix_length": 16,
            "ipc_mode": "private",
            "labels": [],
            "links": null,
            "log_driver": "json-file",
            "log_opts": null,
            "logs": false,
            "max_retry_count": 0,
            "memory": 0,
            "memory_swap": 0,
            "mounts": [],
            "must_run": true,
            "name": "spark-worker-1",
            "network_alias": null,
            "network_data": [
              {
                "gateway": "172.20.0.1",
                "global_ipv6_address": "",
                "global_ipv6_prefix_length": 0,
                "ip_address": "172.20.0.7",
                "ip_prefix_length": 16,
                "ipv6_gateway": "",
                "network_name": "nyc_pipeline_net"
              }
            ],
            "network_mode": "bridge",
            "networks": null,
            "networks_advanced": [
              {
                "aliases": [],
                "ipv4_address": "",
                "ipv6_address": "",
                "name": "nyc_pipeline_net"
              }
            ],
            "pid_mode": "",
            "ports": [
              {
                "external": 8082,
                "internal": 8082,
                "ip": "0.0.0.0",
                "protocol": "tcp"
              }
            ],
            "privileged": false,
            "publish_all_ports": false,
            "read_only": false,
            "remove_volumes": true,
            "restart": "no",
            "rm": false,
            "runtime": "runc",
            "security_opts": [],
            "shm_size": 64,
            "start": true,
            "stdin_open": false,
            "stop_signal": "",
            "stop_timeout": 0,
            "storage_opts": null,
            "sysctls": null,
            "tmpfs": null,
            "tty": false,
            "ulimit": [],
            "upload": [],
            "user": "1001",
            "userns_mode": "",
            "volumes": [],
            "working_dir": "/opt/bitnami/spark"
          },
          "sensitive_attributes": [],
          "private": "eyJzY2hlbWFfdmVyc2lvbiI6IjIifQ==",
          "dependencies": [
            "docker_container.spark_NYC_master",
            "docker_image.spark",
            "docker_network.pipeline_network"
          ]
        }
      ]
    },
    {
      "mode": "managed",
      "type": "docker_container",
      "name": "zookeeper",
      "provider": "provider[\"registry.terraform.io/kreuzwerker/docker\"]",
      "instances": [
        {
          "schema_version": 2,
          "attributes": {
            "attach": false,
            "bridge": "",
            "capabilities": [],
            "command": [
              "/etc/confluent/docker/run"
            ],
            "container_logs": null,
            "cpu_set": "",
            "cpu_shares": 0,
            "destroy_grace_seconds": null,
            "devices": [],
            "dns": null,
            "dns_opts": null,
            "dns_search": null,
            "domainname": "",
            "entrypoint": [],
            "env": [
              "ZOOKEEPER_CLIENT_PORT=2181",
              "ZOOKEEPER_TICK_TIME=2000"
            ],
            "exit_code": null,
            "gateway": "172.20.0.1",
            "gpus": null,
            "group_add": null,
            "healthcheck": null,
            "host": [],
            "hostname": "46be964e6b79",
            "id": "46be964e6b7905a9a6a8a7000b5b42a50d3e6b86c0e02538b7941fc8d8b7c341",
            "image": "sha256:90631f224b4397ecfb4e824e43d93e0e42656841c6d55ef635c49df3975260ae",
            "init": false,
            "ip_address": "172.20.0.2",
            "ip_prefix_length": 16,
            "ipc_mode": "private",
            "labels": [],
            "links": null,
            "log_driver": "json-file",
            "log_opts": null,
            "logs": false,
            "max_retry_count": 0,
            "memory": 0,
            "memory_swap": 0,
            "mounts": [],
            "must_run": true,
            "name": "zookeeper",
            "network_alias": null,
            "network_data": [
              {
                "gateway": "172.20.0.1",
                "global_ipv6_address": "",
                "global_ipv6_prefix_length": 0,
                "ip_address": "172.20.0.2",
                "ip_prefix_length": 16,
                "ipv6_gateway": "",
                "network_name": "nyc_pipeline_net"
              }
            ],
            "network_mode": "bridge",
            "networks": null,
            "networks_advanced": [
              {
                "aliases": [],
                "ipv4_address": "",
                "ipv6_address": "",
                "name": "nyc_pipeline_net"
              }
            ],
            "pid_mode": "",
            "ports": [
              {
                "external": 2181,
                "internal": 2181,
                "ip": "0.0.0.0",
                "protocol": "tcp"
              }
            ],
            "privileged": false,
            "publish_all_ports": false,
            "read_only": false,
            "remove_volumes": true,
            "restart": "no",
            "rm": false,
            "runtime": "runc",
            "security_opts": [],
            "shm_size": 64,
            "start": true,
            "stdin_open": false,
            "stop_signal": "",
            "stop_timeout": 0,
            "storage_opts": null,
            "sysctls": null,
            "tmpfs": null,
            "tty": false,
            "ulimit": [],
            "upload": [],
            "user": "appuser",
            "userns_mode": "",
            "volumes": [],
            "working_dir": "/home/appuser"
          },
          "sensitive_attributes": [],
          "private": "eyJzY2hlbWFfdmVyc2lvbiI6IjIifQ==",
          "dependencies": [
            "docker_image.zookeeper",
            "docker_network.pipeline_network"
          ]
        }
      ]
    },
    {
      "mode": "managed",
      "type": "docker_image",
      "name": "cassandra",
      "provider": "provider[\"registry.terraform.io/kreuzwerker/docker\"]",
      "instances": [
        {
          "schema_version": 0,
          "attributes": {
            "build": [],
            "force_remove": null,
            "id": "sha256:2d241468ad9d0c091905dddb8d4e5cf4bdfbbfbd6d2acdbd4c7c312e43da93e1cassandra:latest",
            "keep_locally": null,
            "latest": "sha256:2d241468ad9d0c091905dddb8d4e5cf4bdfbbfbd6d2acdbd4c7c312e43da93e1",
            "name": "cassandra:latest",
            "output": null,
            "pull_trigger": null,
            "pull_triggers": null,
            "repo_digest": "cassandra@sha256:2d241468ad9d0c091905dddb8d4e5cf4bdfbbfbd6d2acdbd4c7c312e43da93e1",
            "triggers": null
          },
          "sensitive_attributes": [],
          "private": "bnVsbA=="
        }
      ]
    },
    {
      "mode": "managed",
      "type": "docker_image",
      "name": "control_center",
      "provider": "provider[\"registry.terraform.io/kreuzwerker/docker\"]",
      "instances": [
        {
          "schema_version": 0,
          "attributes": {
            "build": [],
            "force_remove": null,
            "id": "sha256:95391ec9ae458300773b3d0245bb0229671e3ce7c974bb50e2a60616b610834aconfluentinc/cp-enterprise-control-center:7.5.0",
            "keep_locally": null,
            "latest": "sha256:95391ec9ae458300773b3d0245bb0229671e3ce7c974bb50e2a60616b610834a",
            "name": "confluentinc/cp-enterprise-control-center:7.5.0",
            "output": null,
            "pull_trigger": null,
            "pull_triggers": null,
            "repo_digest": "confluentinc/cp-enterprise-control-center@sha256:95391ec9ae458300773b3d0245bb0229671e3ce7c974bb50e2a60616b610834a",
            "triggers": null
          },
          "sensitive_attributes": [],
          "private": "bnVsbA=="
        }
      ]
    },
    {
      "mode": "managed",
      "type": "docker_image",
      "name": "kafka",
      "provider": "provider[\"registry.terraform.io/kreuzwerker/docker\"]",
      "instances": [
        {
          "schema_version": 0,
          "attributes": {
            "build": [],
            "force_remove": null,
            "id": "sha256:187dac6627e7906c350f5f8c982f80ce735ff1a0e571a20de6000a309a12ce63confluentinc/cp-kafka:7.4.0",
            "keep_locally": null,
            "latest": "sha256:187dac6627e7906c350f5f8c982f80ce735ff1a0e571a20de6000a309a12ce63",
            "name": "confluentinc/cp-kafka:7.4.0",
            "output": null,
            "pull_trigger": null,
            "pull_triggers": null,
            "repo_digest": "confluentinc/cp-kafka@sha256:187dac6627e7906c350f5f8c982f80ce735ff1a0e571a20de6000a309a12ce63",
            "triggers": null
          },
          "sensitive_attributes": [],
          "private": "bnVsbA=="
        }
      ]
    },
    {
      "mode": "managed",
      "type": "docker_image",
      "name": "postgres",
      "provider": "provider[\"registry.terraform.io/kreuzwerker/docker\"]",
      "instances": [
        {
          "schema_version": 0,
          "attributes": {
            "build": [],
            "force_remove": null,
            "id": "sha256:6cf6142afacfa89fb28b894d6391c7dcbf6523c33178bdc33e782b3b533a9342postgres:latest",
            "keep_locally": null,
            "latest": "sha256:6cf6142afacfa89fb28b894d6391c7dcbf6523c33178bdc33e782b3b533a9342",
            "name": "postgres:latest",
            "output": null,
            "pull_trigger": null,
            "pull_triggers": null,
            "repo_digest": "postgres@sha256:6cf6142afacfa89fb28b894d6391c7dcbf6523c33178bdc33e782b3b533a9342",
            "triggers": null
          },
          "sensitive_attributes": [],
          "private": "bnVsbA=="
        }
      ]
    },
    {
      "mode": "managed",
      "type": "docker_image",
      "name": "schema_registry",
      "provider": "provider[\"registry.terraform.io/kreuzwerker/docker\"]",
      "instances": [
        {
          "schema_version": 0,
          "attributes": {
            "build": [],
            "force_remove": null,
            "id": "sha256:e51684b472a2481f065f44616d3d8ad2182029a7011f949a612d35b54566a1f6confluentinc/cp-schema-registry:7.5.0",
            "keep_locally": null,
            "latest": "sha256:e51684b472a2481f065f44616d3d8ad2182029a7011f949a612d35b54566a1f6",
            "name": "confluentinc/cp-schema-registry:7.5.0",
            "output": null,
            "pull_trigger": null,
            "pull_triggers": null,
            "repo_digest": "confluentinc/cp-schema-registry@sha256:e51684b472a2481f065f44616d3d8ad2182029a7011f949a612d35b54566a1f6",
            "triggers": null
          },
          "sensitive_attributes": [],
          "private": "bnVsbA=="
        }
      ]
    },
    {
      "mode": "managed",
      "type": "docker_image",
      "name": "spark",
      "provider": "provider[\"registry.terraform.io/kreuzwerker/docker\"]",
      "instances": [
        {
          "schema_version": 0,
          "attributes": {
            "build": [],
            "force_remove": null,
            "id": "sha256:8112420cfd8c553528e50e6452b9d3a09f4d1d436b7186527070c121b01bde49bitnami/spark:latest",
            "keep_locally": null,
            "latest": "sha256:8112420cfd8c553528e50e6452b9d3a09f4d1d436b7186527070c121b01bde49",
            "name": "bitnami/spark:latest",
            "output": null,
            "pull_trigger": null,
            "pull_triggers": null,
            "repo_digest": "bitnami/spark@sha256:8112420cfd8c553528e50e6452b9d3a09f4d1d436b7186527070c121b01bde49",
            "triggers": null
          },
          "sensitive_attributes": [],
          "private": "bnVsbA=="
        }
      ]
    },
    {
      "mode": "managed",
      "type": "docker_image",
      "name": "zookeeper",
      "provider": "provider[\"registry.terraform.io/kreuzwerker/docker\"]",
      "instances": [
        {
          "schema_version": 0,
          "attributes": {
            "build": [],
            "force_remove": null,
            "id": "sha256:90631f224b4397ecfb4e824e43d93e0e42656841c6d55ef635c49df3975260aeconfluentinc/cp-zookeeper:7.4.0",
            "keep_locally": null,
            "latest": "sha256:90631f224b4397ecfb4e824e43d93e0e42656841c6d55ef635c49df3975260ae",
            "name": "confluentinc/cp-zookeeper:7.4.0",
            "output": null,
            "pull_trigger": null,
            "pull_triggers": null,
            "repo_digest": "confluentinc/cp-zookeeper@sha256:90631f224b4397ecfb4e824e43d93e0e42656841c6d55ef635c49df3975260ae",
            "triggers": null
          },
          "sensitive_attributes": [],
          "private": "bnVsbA=="
        }
      ]
    },
    {
      "mode": "managed",
      "type": "docker_network",
      "name": "pipeline_network",
      "provider": "provider[\"registry.terraform.io/kreuzwerker/docker\"]",
      "instances": [
        {
          "schema_version": 1,
          "attributes": {
            "attachable": false,
            "check_duplicate": null,
            "driver": "bridge",
            "id": "1ec200bdd2d600eebbcdc6a60c852685682dc2819001db5fd1c2642800c8adb1",
            "ingress": false,
            "internal": false,
            "ipam_config": [
              {
                "aux_address": {},
                "gateway": "172.20.0.1",
                "ip_range": "",
                "subnet": "172.20.0.0/16"
              }
            ],
            "ipam_driver": "default",
            "ipv6": false,
            "labels": [],
            "name": "nyc_pipeline_net",
            "options": {},
            "scope": "local"
          },
          "sensitive_attributes": [],
          "private": "eyJzY2hlbWFfdmVyc2lvbiI6IjEifQ=="
        }
      ]
    }
  ],
  "check_results": null
}
