{
  "version": 4,
  "terraform_version": "1.10.5",
  "serial": 550,
  "lineage": "20708b3f-9879-9963-7526-3e35121363f4",
  "outputs": {},
  "resources": [
    {
      "mode": "managed",
      "type": "docker_container",
      "name": "kafka",
      "provider": "provider[\"registry.terraform.io/kreuzwerker/docker\"]",
      "instances": [
        {
          "schema_version": 2,
          "attributes": {
            "attach": false,
            "bridge": "",
            "capabilities": [],
            "command": [
              "sleep 10 \u0026\u0026 /etc/confluent/docker/run"
            ],
            "container_logs": null,
            "cpu_set": "",
            "cpu_shares": 0,
            "destroy_grace_seconds": null,
            "devices": [],
            "dns": null,
            "dns_opts": null,
            "dns_search": null,
            "domainname": "",
            "entrypoint": [
              "/bin/sh",
              "-c"
            ],
            "env": [
              "KAFKA_ADVERTISED_LISTENERS=PLAINTEXT://kafka:9092",
              "KAFKA_AUTO_CREATE_TOPICS_ENABLE=true",
              "KAFKA_BROKER_ID=1",
              "KAFKA_LISTENER_SECURITY_PROTOCOL_MAP=PLAINTEXT:PLAINTEXT",
              "KAFKA_OFFSETS_TOPIC_REPLICATION_FACTOR=1",
              "KAFKA_ZOOKEEPER_CONNECT=zookeeper:2181",
              "KAFKA_ZOOKEEPER_CONNECTION_TIMEOUT_MS=60000",
              "KAFKA_ZOOKEEPER_SESSION_TIMEOUT_MS=60000",
              "KAFKA_ZOOKEEPER_SYNC_TIME_MS=2000"
            ],
            "exit_code": null,
            "gateway": "172.20.0.1",
            "gpus": null,
            "group_add": null,
            "healthcheck": null,
            "host": [],
            "hostname": "kafka",
            "id": "6ad6e8d8fd7fee5164592fd152bdb73e562e3fdc6f9b1dc86d644b98042fa834",
            "image": "sha256:187dac6627e7906c350f5f8c982f80ce735ff1a0e571a20de6000a309a12ce63",
            "init": false,
            "ip_address": "172.20.0.12",
            "ip_prefix_length": 16,
            "ipc_mode": "private",
            "labels": [],
            "links": null,
            "log_driver": "json-file",
            "log_opts": null,
            "logs": false,
            "max_retry_count": 0,
            "memory": 0,
            "memory_swap": 0,
            "mounts": [],
            "must_run": true,
            "name": "kafka",
            "network_alias": null,
            "network_data": [
              {
                "gateway": "172.20.0.1",
                "global_ipv6_address": "",
                "global_ipv6_prefix_length": 0,
                "ip_address": "172.20.0.12",
                "ip_prefix_length": 16,
                "ipv6_gateway": "",
                "network_name": "nyc_pipeline_net"
              }
            ],
            "network_mode": "bridge",
            "networks": null,
            "networks_advanced": [
              {
                "aliases": [],
                "ipv4_address": "",
                "ipv6_address": "",
                "name": "nyc_pipeline_net"
              }
            ],
            "pid_mode": "",
            "ports": [
              {
                "external": 9092,
                "internal": 9092,
                "ip": "0.0.0.0",
                "protocol": "tcp"
              }
            ],
            "privileged": false,
            "publish_all_ports": false,
            "read_only": false,
            "remove_volumes": true,
            "restart": "no",
            "rm": false,
            "runtime": "runc",
            "security_opts": [],
            "shm_size": 64,
            "start": true,
            "stdin_open": false,
            "stop_signal": "",
            "stop_timeout": 0,
            "storage_opts": null,
            "sysctls": null,
            "tmpfs": null,
            "tty": false,
            "ulimit": [],
            "upload": [],
            "user": "appuser",
            "userns_mode": "",
            "volumes": [],
            "working_dir": "/home/appuser"
          },
          "sensitive_attributes": [],
          "private": "eyJzY2hlbWFfdmVyc2lvbiI6IjIifQ==",
          "dependencies": [
            "docker_container.zookeeper",
            "docker_image.kafka",
            "docker_image.zookeeper",
            "docker_network.pipeline_network"
          ]
        }
      ]
    },
    {
      "mode": "managed",
      "type": "docker_container",
      "name": "postgres",
      "provider": "provider[\"registry.terraform.io/kreuzwerker/docker\"]",
      "instances": [
        {
          "schema_version": 2,
          "attributes": {
            "attach": false,
            "bridge": "",
            "capabilities": [],
            "command": [
              "postgres"
            ],
            "container_logs": null,
            "cpu_set": "",
            "cpu_shares": 0,
            "destroy_grace_seconds": null,
            "devices": [],
            "dns": null,
            "dns_opts": null,
            "dns_search": null,
            "domainname": "",
            "entrypoint": [
              "docker-entrypoint.sh"
            ],
            "env": [
              "POSTGRES_DB=NycTrafficStreamDatabase",
              "POSTGRES_PASSWORD=admin123",
              "POSTGRES_USER=admin"
            ],
            "exit_code": null,
            "gateway": "172.20.0.1",
            "gpus": null,
            "group_add": null,
            "healthcheck": null,
            "host": [],
            "hostname": "4b81821a185b",
            "id": "4b81821a185b889889437c5423a05cd3fb54a62aa2595e5fb8e4ea7edf375212",
            "image": "sha256:6cf6142afacfa89fb28b894d6391c7dcbf6523c33178bdc33e782b3b533a9342",
            "init": false,
            "ip_address": "172.20.0.8",
            "ip_prefix_length": 16,
            "ipc_mode": "private",
            "labels": [],
            "links": null,
            "log_driver": "json-file",
            "log_opts": null,
            "logs": false,
            "max_retry_count": 0,
            "memory": 0,
            "memory_swap": 0,
            "mounts": [],
            "must_run": true,
            "name": "postgres",
            "network_alias": null,
            "network_data": [
              {
                "gateway": "172.20.0.1",
                "global_ipv6_address": "",
                "global_ipv6_prefix_length": 0,
                "ip_address": "172.20.0.8",
                "ip_prefix_length": 16,
                "ipv6_gateway": "",
                "network_name": "nyc_pipeline_net"
              }
            ],
            "network_mode": "bridge",
            "networks": null,
            "networks_advanced": [
              {
                "aliases": [],
                "ipv4_address": "",
                "ipv6_address": "",
                "name": "nyc_pipeline_net"
              }
            ],
            "pid_mode": "",
            "ports": [
              {
                "external": 5432,
                "internal": 5432,
                "ip": "0.0.0.0",
                "protocol": "tcp"
              }
            ],
            "privileged": false,
            "publish_all_ports": false,
            "read_only": false,
            "remove_volumes": true,
            "restart": "no",
            "rm": false,
            "runtime": "runc",
            "security_opts": [],
            "shm_size": 64,
            "start": true,
            "stdin_open": false,
            "stop_signal": "SIGINT",
            "stop_timeout": 0,
            "storage_opts": null,
            "sysctls": null,
            "tmpfs": null,
            "tty": false,
            "ulimit": [],
            "upload": [],
            "user": "",
            "userns_mode": "",
            "volumes": [
              {
                "container_path": "/var/lib/postgresql/data",
                "from_container": "",
                "host_path": "D:/a-new-project-todiscover/terraform/data/postgres",
                "read_only": null,
                "volume_name": ""
              }
            ],
            "working_dir": ""
          },
          "sensitive_attributes": [],
          "private": "eyJzY2hlbWFfdmVyc2lvbiI6IjIifQ==",
          "dependencies": [
            "docker_image.postgres",
            "docker_network.pipeline_network"
          ]
        }
      ]
    },
    {
      "mode": "managed",
      "type": "docker_container",
      "name": "spark_NYC_master",
      "provider": "provider[\"registry.terraform.io/kreuzwerker/docker\"]",
      "instances": [
        {
          "schema_version": 2,
          "attributes": {
            "attach": false,
            "bridge": "",
            "capabilities": [],
            "command": [],
            "container_logs": null,
            "cpu_set": "",
            "cpu_shares": 0,
            "destroy_grace_seconds": null,
            "devices": [],
            "dns": null,
            "dns_opts": null,
            "dns_search": null,
            "domainname": "",
            "entrypoint": [
              "/app/start.sh"
            ],
            "env": [
              "KAFKA_BROKER=kafka:9092",
              "KAFKA_TOPIC=crashes",
              "PG_PASSWORD=admin123",
              "PG_URL=jdbc:postgresql://postgres:5432/NycTrafficStreamDatabase",
              "PG_USER=admin",
              "SPARK_MODE=master"
            ],
            "exit_code": null,
            "gateway": "172.20.0.1",
            "gpus": null,
            "group_add": null,
            "healthcheck": null,
            "host": [],
            "hostname": "e6fab0d7202f",
            "id": "e6fab0d7202f3b5d913887e7dcf677d19e33e8ec0d3fb883659487001e81a237",
            "image": "sha256:20366510b9173856ed474ab5485e94ed4deb18bb26db3b1195fa7f011357ba7e",
            "init": false,
            "ip_address": "172.20.0.4",
            "ip_prefix_length": 16,
            "ipc_mode": "private",
            "labels": [],
            "links": null,
            "log_driver": "json-file",
            "log_opts": null,
            "logs": false,
            "max_retry_count": 0,
            "memory": 0,
            "memory_swap": 0,
            "mounts": [],
            "must_run": true,
            "name": "spark-NYC-master",
            "network_alias": null,
            "network_data": [
              {
                "gateway": "172.20.0.1",
                "global_ipv6_address": "",
                "global_ipv6_prefix_length": 0,
                "ip_address": "172.20.0.4",
                "ip_prefix_length": 16,
                "ipv6_gateway": "",
                "network_name": "nyc_pipeline_net"
              }
            ],
            "network_mode": "bridge",
            "networks": null,
            "networks_advanced": [
              {
                "aliases": [],
                "ipv4_address": "",
                "ipv6_address": "",
                "name": "nyc_pipeline_net"
              }
            ],
            "pid_mode": "",
            "ports": [
              {
                "external": 7077,
                "internal": 7077,
                "ip": "0.0.0.0",
                "protocol": "tcp"
              },
              {
                "external": 8081,
                "internal": 8081,
                "ip": "0.0.0.0",
                "protocol": "tcp"
              }
            ],
            "privileged": false,
            "publish_all_ports": false,
            "read_only": false,
            "remove_volumes": true,
            "restart": "always",
            "rm": false,
            "runtime": "runc",
            "security_opts": [],
            "shm_size": 64,
            "start": true,
            "stdin_open": false,
            "stop_signal": "",
            "stop_timeout": 0,
            "storage_opts": null,
            "sysctls": null,
            "tmpfs": null,
            "tty": false,
            "ulimit": [],
            "upload": [],
            "user": "root",
            "userns_mode": "",
            "volumes": [],
            "working_dir": "/app"
          },
          "sensitive_attributes": [],
          "private": "eyJzY2hlbWFfdmVyc2lvbiI6IjIifQ==",
          "dependencies": [
            "docker_image.spark",
            "docker_network.pipeline_network"
          ]
        }
      ]
    },
    {
      "mode": "managed",
      "type": "docker_container",
      "name": "spark_worker1",
      "provider": "provider[\"registry.terraform.io/kreuzwerker/docker\"]",
      "instances": [
        {
          "schema_version": 2,
          "attributes": {
            "attach": false,
            "bridge": "",
            "capabilities": [],
            "command": [],
            "container_logs": null,
            "cpu_set": "",
            "cpu_shares": 0,
            "destroy_grace_seconds": null,
            "devices": [],
            "dns": null,
            "dns_opts": null,
            "dns_search": null,
            "domainname": "",
            "entrypoint": [
              "/app/start.sh"
            ],
            "env": [
              "SPARK_MASTER_URL=spark://spark-NYC-master:7077",
              "SPARK_MODE=worker"
            ],
            "exit_code": null,
            "gateway": "172.20.0.1",
            "gpus": null,
            "group_add": null,
            "healthcheck": null,
            "host": [],
            "hostname": "e8a4922ff239",
            "id": "e8a4922ff23927e621c702bf6722aff5363604af3d4ff7b8307f88653a465f79",
            "image": "sha256:20366510b9173856ed474ab5485e94ed4deb18bb26db3b1195fa7f011357ba7e",
            "init": false,
            "ip_address": "172.20.0.11",
            "ip_prefix_length": 16,
            "ipc_mode": "private",
            "labels": [],
            "links": null,
            "log_driver": "json-file",
            "log_opts": null,
            "logs": false,
            "max_retry_count": 0,
            "memory": 0,
            "memory_swap": 0,
            "mounts": [],
            "must_run": true,
            "name": "spark-worker-1",
            "network_alias": null,
            "network_data": [
              {
                "gateway": "172.20.0.1",
                "global_ipv6_address": "",
                "global_ipv6_prefix_length": 0,
                "ip_address": "172.20.0.11",
                "ip_prefix_length": 16,
                "ipv6_gateway": "",
                "network_name": "nyc_pipeline_net"
              }
            ],
            "network_mode": "bridge",
            "networks": null,
            "networks_advanced": [
              {
                "aliases": [],
                "ipv4_address": "",
                "ipv6_address": "",
                "name": "nyc_pipeline_net"
              }
            ],
            "pid_mode": "",
            "ports": [
              {
                "external": 8082,
                "internal": 8082,
                "ip": "0.0.0.0",
                "protocol": "tcp"
              }
            ],
            "privileged": false,
            "publish_all_ports": false,
            "read_only": false,
            "remove_volumes": true,
            "restart": "no",
            "rm": false,
            "runtime": "runc",
            "security_opts": [],
            "shm_size": 64,
            "start": true,
            "stdin_open": false,
            "stop_signal": "",
            "stop_timeout": 0,
            "storage_opts": null,
            "sysctls": null,
            "tmpfs": null,
            "tty": false,
            "ulimit": [],
            "upload": [],
            "user": "root",
            "userns_mode": "",
            "volumes": [],
            "working_dir": "/app"
          },
          "sensitive_attributes": [],
          "private": "eyJzY2hlbWFfdmVyc2lvbiI6IjIifQ==",
          "dependencies": [
            "docker_container.spark_NYC_master",
            "docker_image.spark",
            "docker_network.pipeline_network"
          ]
        }
      ]
    },
    {
      "mode": "managed",
      "type": "docker_container",
      "name": "zookeeper",
      "provider": "provider[\"registry.terraform.io/kreuzwerker/docker\"]",
      "instances": [
        {
          "schema_version": 2,
          "attributes": {
            "attach": false,
            "bridge": "",
            "capabilities": [],
            "command": [
              "/etc/confluent/docker/run"
            ],
            "container_logs": null,
            "cpu_set": "",
            "cpu_shares": 0,
            "destroy_grace_seconds": null,
            "devices": [],
            "dns": null,
            "dns_opts": null,
            "dns_search": null,
            "domainname": "",
            "entrypoint": [],
            "env": [
              "ZOOKEEPER_CLIENT_PORT=2181",
              "ZOOKEEPER_TICK_TIME=2000"
            ],
            "exit_code": null,
            "gateway": "172.20.0.1",
            "gpus": null,
            "group_add": null,
            "healthcheck": null,
            "host": [],
            "hostname": "zookeeper",
            "id": "636e629b6c25bf0f710fef0959d9b0742df049360f395771bfa8e59fd9438859",
            "image": "sha256:90631f224b4397ecfb4e824e43d93e0e42656841c6d55ef635c49df3975260ae",
            "init": false,
            "ip_address": "172.20.0.10",
            "ip_prefix_length": 16,
            "ipc_mode": "private",
            "labels": [],
            "links": null,
            "log_driver": "json-file",
            "log_opts": null,
            "logs": false,
            "max_retry_count": 0,
            "memory": 0,
            "memory_swap": 0,
            "mounts": [],
            "must_run": true,
            "name": "zookeeper",
            "network_alias": null,
            "network_data": [
              {
                "gateway": "172.20.0.1",
                "global_ipv6_address": "",
                "global_ipv6_prefix_length": 0,
                "ip_address": "172.20.0.10",
                "ip_prefix_length": 16,
                "ipv6_gateway": "",
                "network_name": "nyc_pipeline_net"
              }
            ],
            "network_mode": "bridge",
            "networks": null,
            "networks_advanced": [
              {
                "aliases": [],
                "ipv4_address": "",
                "ipv6_address": "",
                "name": "nyc_pipeline_net"
              }
            ],
            "pid_mode": "",
            "ports": [
              {
                "external": 2181,
                "internal": 2181,
                "ip": "0.0.0.0",
                "protocol": "tcp"
              }
            ],
            "privileged": false,
            "publish_all_ports": false,
            "read_only": false,
            "remove_volumes": true,
            "restart": "no",
            "rm": false,
            "runtime": "runc",
            "security_opts": [],
            "shm_size": 64,
            "start": true,
            "stdin_open": false,
            "stop_signal": "",
            "stop_timeout": 0,
            "storage_opts": null,
            "sysctls": null,
            "tmpfs": null,
            "tty": false,
            "ulimit": [],
            "upload": [],
            "user": "appuser",
            "userns_mode": "",
            "volumes": [],
            "working_dir": "/home/appuser"
          },
          "sensitive_attributes": [],
          "private": "eyJzY2hlbWFfdmVyc2lvbiI6IjIifQ==",
          "dependencies": [
            "docker_image.zookeeper",
            "docker_network.pipeline_network"
          ]
        }
      ]
    },
    {
      "mode": "managed",
      "type": "docker_image",
      "name": "kafka",
      "provider": "provider[\"registry.terraform.io/kreuzwerker/docker\"]",
      "instances": [
        {
          "schema_version": 0,
          "attributes": {
            "build": [],
            "force_remove": null,
            "id": "sha256:187dac6627e7906c350f5f8c982f80ce735ff1a0e571a20de6000a309a12ce63confluentinc/cp-kafka:7.4.0",
            "keep_locally": null,
            "latest": "sha256:187dac6627e7906c350f5f8c982f80ce735ff1a0e571a20de6000a309a12ce63",
            "name": "confluentinc/cp-kafka:7.4.0",
            "output": null,
            "pull_trigger": null,
            "pull_triggers": null,
            "repo_digest": "confluentinc/cp-kafka@sha256:187dac6627e7906c350f5f8c982f80ce735ff1a0e571a20de6000a309a12ce63",
            "triggers": null
          },
          "sensitive_attributes": [],
          "private": "bnVsbA=="
        }
      ]
    },
    {
      "mode": "managed",
      "type": "docker_image",
      "name": "postgres",
      "provider": "provider[\"registry.terraform.io/kreuzwerker/docker\"]",
      "instances": [
        {
          "schema_version": 0,
          "attributes": {
            "build": [],
            "force_remove": null,
            "id": "sha256:6cf6142afacfa89fb28b894d6391c7dcbf6523c33178bdc33e782b3b533a9342postgres:latest",
            "keep_locally": null,
            "latest": "sha256:6cf6142afacfa89fb28b894d6391c7dcbf6523c33178bdc33e782b3b533a9342",
            "name": "postgres:latest",
            "output": null,
            "pull_trigger": null,
            "pull_triggers": null,
            "repo_digest": "postgres@sha256:6cf6142afacfa89fb28b894d6391c7dcbf6523c33178bdc33e782b3b533a9342",
            "triggers": null
          },
          "sensitive_attributes": [],
          "private": "bnVsbA=="
        }
      ]
    },
    {
      "mode": "managed",
      "type": "docker_image",
      "name": "spark",
      "provider": "provider[\"registry.terraform.io/kreuzwerker/docker\"]",
      "instances": [
        {
          "schema_version": 0,
          "attributes": {
            "build": [],
            "force_remove": null,
            "id": "sha256:20366510b9173856ed474ab5485e94ed4deb18bb26db3b1195fa7f011357ba7epyspark_etl:latest",
            "keep_locally": null,
            "latest": "sha256:20366510b9173856ed474ab5485e94ed4deb18bb26db3b1195fa7f011357ba7e",
            "name": "pyspark_etl:latest",
            "output": null,
            "pull_trigger": null,
            "pull_triggers": null,
            "repo_digest": "pyspark_etl@sha256:20366510b9173856ed474ab5485e94ed4deb18bb26db3b1195fa7f011357ba7e",
            "triggers": null
          },
          "sensitive_attributes": [],
          "private": "bnVsbA=="
        }
      ]
    },
    {
      "mode": "managed",
      "type": "docker_image",
      "name": "zookeeper",
      "provider": "provider[\"registry.terraform.io/kreuzwerker/docker\"]",
      "instances": [
        {
          "schema_version": 0,
          "attributes": {
            "build": [],
            "force_remove": null,
            "id": "sha256:90631f224b4397ecfb4e824e43d93e0e42656841c6d55ef635c49df3975260aeconfluentinc/cp-zookeeper:7.4.0",
            "keep_locally": null,
            "latest": "sha256:90631f224b4397ecfb4e824e43d93e0e42656841c6d55ef635c49df3975260ae",
            "name": "confluentinc/cp-zookeeper:7.4.0",
            "output": null,
            "pull_trigger": null,
            "pull_triggers": null,
            "repo_digest": "confluentinc/cp-zookeeper@sha256:90631f224b4397ecfb4e824e43d93e0e42656841c6d55ef635c49df3975260ae",
            "triggers": null
          },
          "sensitive_attributes": [],
          "private": "bnVsbA=="
        }
      ]
    },
    {
      "mode": "managed",
      "type": "docker_network",
      "name": "pipeline_network",
      "provider": "provider[\"registry.terraform.io/kreuzwerker/docker\"]",
      "instances": [
        {
          "schema_version": 1,
          "attributes": {
            "attachable": false,
            "check_duplicate": null,
            "driver": "bridge",
            "id": "1ec200bdd2d600eebbcdc6a60c852685682dc2819001db5fd1c2642800c8adb1",
            "ingress": false,
            "internal": false,
            "ipam_config": [
              {
                "aux_address": {},
                "gateway": "172.20.0.1",
                "ip_range": "",
                "subnet": "172.20.0.0/16"
              }
            ],
            "ipam_driver": "default",
            "ipv6": false,
            "labels": [],
            "name": "nyc_pipeline_net",
            "options": {},
            "scope": "local"
          },
          "sensitive_attributes": [],
          "private": "eyJzY2hlbWFfdmVyc2lvbiI6IjEifQ=="
        }
      ]
    }
  ],
  "check_results": null
}
